
Microsoft Visual Studio Solution File, Format Version 12.00
# Visual Studio 15
VisualStudioVersion = 15.0.28307.329
MinimumVisualStudioVersion = 10.0.40219.1
Project("{FAE04EC0-301F-11D3-BF4B-00C04F79EFBC}") = "Welcome to AtCoder", "Welcome to AtCoder\Welcome to AtCoder.csproj", "{7C0D016E-3900-4135-8E2C-950F396D5FFE}"
EndProject
Project("{FAE04EC0-301F-11D3-BF4B-00C04F79EFBC}") = "ABC086A", "ABC086A\ABC086A.csproj", "{9C8E85BC-A706-44D0-9844-55A569913265}"
EndProject
Global
	GlobalSection(SolutionConfigurationPlatforms) = preSolution
		Debug|Any CPU = Debug|Any CPU
		Release|Any CPU = Release|Any CPU
	EndGlobalSection
	GlobalSection(ProjectConfigurationPlatforms) = postSolution
		{7C0D016E-3900-4135-8E2C-950F396D5FFE}.Debug|Any CPU.ActiveCfg = Debug|Any CPU
		{7C0D016E-3900-4135-8E2C-950F396D5FFE}.Debug|Any CPU.Build.0 = Debug|Any CPU
		{7C0D016E-3900-4135-8E2C-950F396D5FFE}.Release|Any CPU.ActiveCfg = Release|Any CPU
		{7C0D016E-3900-4135-8E2C-950F396D5FFE}.Release|Any CPU.Build.0 = Release|Any CPU
		{9C8E85BC-A706-44D0-9844-55A569913265}.Debug|Any CPU.ActiveCfg = Debug|Any CPU
		{9C8E85BC-A706-44D0-9844-55A569913265}.Debug|Any CPU.Build.0 = Debug|Any CPU
		{9C8E85BC-A706-44D0-9844-55A569913265}.Release|Any CPU.ActiveCfg = Release|Any CPU
		{9C8E85BC-A706-44D0-9844-55A569913265}.Release|Any CPU.Build.0 = Release|Any CPU
	EndGlobalSection
	GlobalSection(SolutionProperties) = preSolution
		HideSolutionNode = FALSE
	EndGlobalSection
	GlobalSection(ExtensibilityGlobals) = postSolution
		SolutionGuid = {BCF3F6A6-88AC-49FE-BAFA-06F15528E683}
	EndGlobalSection
EndGlobal
